# This file is automatically @generated by Cargo.
# It is not intended for manual editing.
version = 4

[[package]]
name = "aho-corasick"
version = "1.1.4"
source = "registry+https://github.com/rust-lang/crates.io-index"
checksum = "ddd31a130427c27518df266943a5308ed92d4b226cc639f5a8f1002816174301"
dependencies = [
 "memchr",
]

[[package]]
name = "allocator-api2"
version = "0.2.21"
source = "registry+https://github.com/rust-lang/crates.io-index"
checksum = "683d7910e743518b0e34f1186f92494becacb047c7b6bf616c96772180fef923"

[[package]]
name = "anyhow"
version = "1.0.102"
source = "registry+https://github.com/rust-lang/crates.io-index"
checksum = "7f202df86484c868dbad7eaa557ef785d5c66295e41b460ef922eca0723b842c"

[[package]]
name = "cc"
version = "1.2.56"
source = "registry+https://github.com/rust-lang/crates.io-index"
checksum = "aebf35691d1bfb0ac386a69bac2fde4dd276fb618cf8bf4f5318fe285e821bb2"
dependencies = [
 "find-msvc-tools",
 "shlex",
]

[[package]]
name = "equivalent"
version = "1.0.2"
source = "registry+https://github.com/rust-lang/crates.io-index"
checksum = "877a4ace8713b0bcf2a4e7eec82529c029f1d0619886d18145fea96c3ffe5c0f"

[[package]]
name = "find-msvc-tools"
version = "0.1.9"
source = "registry+https://github.com/rust-lang/crates.io-index"
checksum = "5baebc0774151f905a1a2cc41989300b1e6fbb29aff0ceffa1064fdd3088d582"

[[package]]
name = "foldhash"
version = "0.2.0"
source = "registry+https://github.com/rust-lang/crates.io-index"
checksum = "77ce24cb58228fbb8aa041425bb1050850ac19177686ea6e0f41a70416f56fdb"

[[package]]
name = "hashbrown"
version = "0.16.1"
source = "registry+https://github.com/rust-lang/crates.io-index"
checksum = "841d1cc9bed7f9236f321df977030373f4a4163ae1a7dbfe1a51a2c1a51d9100"
dependencies = [
 "allocator-api2",
 "equivalent",
 "foldhash",
]

[[package]]
name = "memchr"
version = "2.8.0"
source = "registry+https://github.com/rust-lang/crates.io-index"
checksum = "f8ca58f447f06ed17d5fc4043ce1b10dd205e060fb3ce5b979b8ed8e59ff3f79"

[[package]]
name = "proc-macro2"
version = "1.0.106"
source = "registry+https://github.com/rust-lang/crates.io-index"
checksum = "8fd00f0bb2e90d81d1044c2b32617f68fcb9fa3bb7640c23e9c748e53fb30934"
dependencies = [
 "unicode-ident",
]

[[package]]
name = "quote"
version = "1.0.44"
source = "registry+https://github.com/rust-lang/crates.io-index"
checksum = "21b2ebcf727b7760c461f091f9f0f539b77b8e87f2fd88131e7f1b433b3cece4"
dependencies = [
 "proc-macro2",
]

[[package]]
name = "regex"
version = "1.12.3"
source = "registry+https://github.com/rust-lang/crates.io-index"
checksum = "e10754a14b9137dd7b1e3e5b0493cc9171fdd105e0ab477f51b72e7f3ac0e276"
dependencies = [
 "aho-corasick",
 "memchr",
 "regex-automata",
 "regex-syntax",
]

[[package]]
name = "regex-automata"
version = "0.4.14"
source = "registry+https://github.com/rust-lang/crates.io-index"
checksum = "6e1dd4122fc1595e8162618945476892eefca7b88c52820e74af6262213cae8f"
dependencies = [
 "aho-corasick",
 "memchr",
 "regex-syntax",
]

[[package]]
name = "regex-syntax"
version = "0.8.10"
source = "registry+https://github.com/rust-lang/crates.io-index"
checksum = "dc897dd8d9e8bd1ed8cdad82b5966c3e0ecae09fb1907d58efaa013543185d0a"

[[package]]
name = "rquickjs"
version = "0.11.0"
source = "registry+https://github.com/rust-lang/crates.io-index"
checksum = "c50dc6d6c587c339edb4769cf705867497a2baf0eca8b4645fa6ecd22f02c77a"
dependencies = [
 "rquickjs-core",
]

[[package]]
name = "rquickjs-core"
version = "0.11.0"
source = "registry+https://github.com/rust-lang/crates.io-index"
checksum = "b8bf7840285c321c3ab20e752a9afb95548c75cd7f4632a0627cea3507e310c1"
dependencies = [
 "hashbrown",
 "rquickjs-sys",
]

[[package]]
name = "rquickjs-sys"
version = "0.11.0"
source = "registry+https://github.com/rust-lang/crates.io-index"
checksum = "27344601ef27460e82d6a4e1ecb9e7e99f518122095f3c51296da8e9be2b9d83"
dependencies = [
 "cc",
]

[[package]]
name = "rust-pintora"
version = "0.1.0"
dependencies = [
 "anyhow",
 "regex",
 "rquickjs",
 "wasm-minimal-protocol",
]

[[package]]
name = "shlex"
version = "1.3.0"
source = "registry+https://github.com/rust-lang/crates.io-index"
checksum = "0fda2ff0d084019ba4d7c6f371c95d8fd75ce3524c3cb8fb653a3023f6323e64"

[[package]]
name = "unicode-ident"
version = "1.0.24"
source = "registry+https://github.com/rust-lang/crates.io-index"
checksum = "e6e4313cd5fcd3dad5cafa179702e2b244f760991f45397d14d4ebf38247da75"

[[package]]
name = "venial"
version = "0.5.0"
source = "registry+https://github.com/rust-lang/crates.io-index"
checksum = "61584a325b16f97b5b25fcc852eb9550843a251057a5e3e5992d2376f3df4bb2"
dependencies = [
 "proc-macro2",
 "quote",
]

[[package]]
name = "wasm-minimal-protocol"
version = "0.1.0"
source = "registry+https://github.com/rust-lang/crates.io-index"
checksum = "264a7e0acbdd292aca03fee87eaea5a07647394c8985b19be27e950bde57930a"
dependencies = [
 "proc-macro2",
 "quote",
 "venial",
]
